
Microsoft Visual Studio Solution File, Format Version 12.00
# Visual Studio Version 17
VisualStudioVersion = 17.5.33502.453
MinimumVisualStudioVersion = 10.0.40219.1
Project("{FAE04EC0-301F-11D3-BF4B-00C04F79EFBC}") = "PokemonReviewApp", "PokemonReviewApp\PokemonReviewApp.csproj", "{C3249005-4C14-4AD5-A2E9-00B213CE3D9F}"
EndProject
Global
	GlobalSection(SolutionConfigurationPlatforms) = preSolution
		Debug|Any CPU = Debug|Any CPU
		Release|Any CPU = Release|Any CPU
	EndGlobalSection
	GlobalSection(ProjectConfigurationPlatforms) = postSolution
		{C3249005-4C14-4AD5-A2E9-00B213CE3D9F}.Debug|Any CPU.ActiveCfg = Debug|Any CPU
		{C3249005-4C14-4AD5-A2E9-00B213CE3D9F}.Debug|Any CPU.Build.0 = Debug|Any CPU
		{C3249005-4C14-4AD5-A2E9-00B213CE3D9F}.Release|Any CPU.ActiveCfg = Release|Any CPU
		{C3249005-4C14-4AD5-A2E9-00B213CE3D9F}.Release|Any CPU.Build.0 = Release|Any CPU
	EndGlobalSection
	GlobalSection(SolutionProperties) = preSolution
		HideSolutionNode = FALSE
	EndGlobalSection
	GlobalSection(ExtensibilityGlobals) = postSolution
		SolutionGuid = {7EA8247B-AE39-463F-B803-163EEF6501D7}
	EndGlobalSection
EndGlobal
